// !$*UTF8*$!
{
	archiveVersion = 1;
	classes = {
	};
	objectVersion = 56;
	objects = {

/* Begin PBXBuildFile section */
		A880F9392BC923C100FD0DE5 /* Rohlikulacka2App.swift in Sources */ = {isa = PBXBuildFile; fileRef = A880F9382BC923C100FD0DE5 /* Rohlikulacka2App.swift */; };
		A880F93B2BC923C100FD0DE5 /* ContentView.swift in Sources */ = {isa = PBXBuildFile; fileRef = A880F93A2BC923C100FD0DE5 /* ContentView.swift */; };
		A880F93D2BC923C400FD0DE5 /* Assets.xcassets in Resources */ = {isa = PBXBuildFile; fileRef = A880F93C2BC923C400FD0DE5 /* Assets.xcassets */; };
		A880F9402BC923C400FD0DE5 /* Preview Assets.xcassets in Resources */ = {isa = PBXBuildFile; fileRef = A880F93F2BC923C400FD0DE5 /* Preview Assets.xcassets */; };
		A880F9502BC924C500FD0DE5 /* HomeView.swift in Sources */ = {isa = PBXBuildFile; fileRef = A880F94F2BC924C500FD0DE5 /* HomeView.swift */; };
		A880F9532BC9327D00FD0DE5 /* Route.swift in Sources */ = {isa = PBXBuildFile; fileRef = A880F9522BC9327D00FD0DE5 /* Route.swift */; };
		A880F9562BC9332A00FD0DE5 /* MockData.swift in Sources */ = {isa = PBXBuildFile; fileRef = A880F9552BC9332A00FD0DE5 /* MockData.swift */; };
		A880F9582BC9345100FD0DE5 /* InvoiceInfoRectView.swift in Sources */ = {isa = PBXBuildFile; fileRef = A880F9572BC9345100FD0DE5 /* InvoiceInfoRectView.swift */; };
		A880F95A2BC9386E00FD0DE5 /* Day.swift in Sources */ = {isa = PBXBuildFile; fileRef = A880F9592BC9386E00FD0DE5 /* Day.swift */; };
		A880F95D2BC9500600FD0DE5 /* DayView.swift in Sources */ = {isa = PBXBuildFile; fileRef = A880F95C2BC9500600FD0DE5 /* DayView.swift */; };
		A880F9612BC96DA700FD0DE5 /* SideMenuView.swift in Sources */ = {isa = PBXBuildFile; fileRef = A880F9602BC96DA700FD0DE5 /* SideMenuView.swift */; };
		A880F9632BC97BC900FD0DE5 /* Month.swift in Sources */ = {isa = PBXBuildFile; fileRef = A880F9622BC97BC900FD0DE5 /* Month.swift */; };
		A880F9672BC987DD00FD0DE5 /* InvoiceDetailView.swift in Sources */ = {isa = PBXBuildFile; fileRef = A880F9662BC987DD00FD0DE5 /* InvoiceDetailView.swift */; };
		A880F96B2BC98C6400FD0DE5 /* RouteCreationView.swift in Sources */ = {isa = PBXBuildFile; fileRef = A880F96A2BC98C6400FD0DE5 /* RouteCreationView.swift */; };
		A880F96D2BC9C1B600FD0DE5 /* RouteCreationCellView.swift in Sources */ = {isa = PBXBuildFile; fileRef = A880F96C2BC9C1B600FD0DE5 /* RouteCreationCellView.swift */; };
		A880F96F2BCD2FD200FD0DE5 /* DayDetailView.swift in Sources */ = {isa = PBXBuildFile; fileRef = A880F96E2BCD2FD200FD0DE5 /* DayDetailView.swift */; };
		A880F9742BCD314100FD0DE5 /* BackButtonView.swift in Sources */ = {isa = PBXBuildFile; fileRef = A880F9732BCD314100FD0DE5 /* BackButtonView.swift */; };
		A880F9772BCD346100FD0DE5 /* SystemImages.swift in Sources */ = {isa = PBXBuildFile; fileRef = A880F9762BCD346000FD0DE5 /* SystemImages.swift */; };
		A880F9972BCE875600FD0DE5 /* SwipeActions in Frameworks */ = {isa = PBXBuildFile; productRef = A880F9962BCE875600FD0DE5 /* SwipeActions */; };
		A880F9AB2BCE986100FD0DE5 /* RouteView.swift in Sources */ = {isa = PBXBuildFile; fileRef = A880F9AA2BCE986100FD0DE5 /* RouteView.swift */; };
		A8A6B3492BCEE619006A6340 /* RouteCellView.swift in Sources */ = {isa = PBXBuildFile; fileRef = A8A6B3482BCEE619006A6340 /* RouteCellView.swift */; };
		A8D972802BD65FB000C0E166 /* ListDaysView.swift in Sources */ = {isa = PBXBuildFile; fileRef = A8D9727F2BD65FAF00C0E166 /* ListDaysView.swift */; };
		A8D972872BD6833400C0E166 /* ViewExtension.swift in Sources */ = {isa = PBXBuildFile; fileRef = A8D972862BD6833400C0E166 /* ViewExtension.swift */; };
		A8D972A92BD6AC6C00C0E166 /* VariablePayRate.swift in Sources */ = {isa = PBXBuildFile; fileRef = A8D972A82BD6AC6C00C0E166 /* VariablePayRate.swift */; };
/* End PBXBuildFile section */

/* Begin PBXFileReference section */
		A880F9352BC923C100FD0DE5 /* Rohlikulacka2.app */ = {isa = PBXFileReference; explicitFileType = wrapper.application; includeInIndex = 0; path = Rohlikulacka2.app; sourceTree = BUILT_PRODUCTS_DIR; };
		A880F9382BC923C100FD0DE5 /* Rohlikulacka2App.swift */ = {isa = PBXFileReference; lastKnownFileType = sourcecode.swift; path = Rohlikulacka2App.swift; sourceTree = "<group>"; };
		A880F93A2BC923C100FD0DE5 /* ContentView.swift */ = {isa = PBXFileReference; lastKnownFileType = sourcecode.swift; path = ContentView.swift; sourceTree = "<group>"; };
		A880F93C2BC923C400FD0DE5 /* Assets.xcassets */ = {isa = PBXFileReference; lastKnownFileType = folder.assetcatalog; path = Assets.xcassets; sourceTree = "<group>"; };
		A880F93F2BC923C400FD0DE5 /* Preview Assets.xcassets */ = {isa = PBXFileReference; lastKnownFileType = folder.assetcatalog; path = "Preview Assets.xcassets"; sourceTree = "<group>"; };
		A880F94F2BC924C500FD0DE5 /* HomeView.swift */ = {isa = PBXFileReference; lastKnownFileType = sourcecode.swift; path = HomeView.swift; sourceTree = "<group>"; };
		A880F9522BC9327D00FD0DE5 /* Route.swift */ = {isa = PBXFileReference; lastKnownFileType = sourcecode.swift; path = Route.swift; sourceTree = "<group>"; };
		A880F9552BC9332A00FD0DE5 /* MockData.swift */ = {isa = PBXFileReference; lastKnownFileType = sourcecode.swift; path = MockData.swift; sourceTree = "<group>"; };
		A880F9572BC9345100FD0DE5 /* InvoiceInfoRectView.swift */ = {isa = PBXFileReference; lastKnownFileType = sourcecode.swift; path = InvoiceInfoRectView.swift; sourceTree = "<group>"; };
		A880F9592BC9386E00FD0DE5 /* Day.swift */ = {isa = PBXFileReference; lastKnownFileType = sourcecode.swift; path = Day.swift; sourceTree = "<group>"; };
		A880F95C2BC9500600FD0DE5 /* DayView.swift */ = {isa = PBXFileReference; lastKnownFileType = sourcecode.swift; path = DayView.swift; sourceTree = "<group>"; };
		A880F9602BC96DA700FD0DE5 /* SideMenuView.swift */ = {isa = PBXFileReference; lastKnownFileType = sourcecode.swift; path = SideMenuView.swift; sourceTree = "<group>"; };
		A880F9622BC97BC900FD0DE5 /* Month.swift */ = {isa = PBXFileReference; lastKnownFileType = sourcecode.swift; path = Month.swift; sourceTree = "<group>"; };
		A880F9662BC987DD00FD0DE5 /* InvoiceDetailView.swift */ = {isa = PBXFileReference; lastKnownFileType = sourcecode.swift; path = InvoiceDetailView.swift; sourceTree = "<group>"; };
		A880F96A2BC98C6400FD0DE5 /* RouteCreationView.swift */ = {isa = PBXFileReference; lastKnownFileType = sourcecode.swift; path = RouteCreationView.swift; sourceTree = "<group>"; };
		A880F96C2BC9C1B600FD0DE5 /* RouteCreationCellView.swift */ = {isa = PBXFileReference; lastKnownFileType = sourcecode.swift; path = RouteCreationCellView.swift; sourceTree = "<group>"; };
		A880F96E2BCD2FD200FD0DE5 /* DayDetailView.swift */ = {isa = PBXFileReference; lastKnownFileType = sourcecode.swift; path = DayDetailView.swift; sourceTree = "<group>"; };
		A880F9732BCD314100FD0DE5 /* BackButtonView.swift */ = {isa = PBXFileReference; lastKnownFileType = sourcecode.swift; path = BackButtonView.swift; sourceTree = "<group>"; };
		A880F9762BCD346000FD0DE5 /* SystemImages.swift */ = {isa = PBXFileReference; lastKnownFileType = sourcecode.swift; path = SystemImages.swift; sourceTree = "<group>"; };
		A880F9AA2BCE986100FD0DE5 /* RouteView.swift */ = {isa = PBXFileReference; lastKnownFileType = sourcecode.swift; path = RouteView.swift; sourceTree = "<group>"; };
		A8A6B3482BCEE619006A6340 /* RouteCellView.swift */ = {isa = PBXFileReference; lastKnownFileType = sourcecode.swift; path = RouteCellView.swift; sourceTree = "<group>"; };
		A8D9727F2BD65FAF00C0E166 /* ListDaysView.swift */ = {isa = PBXFileReference; lastKnownFileType = sourcecode.swift; path = ListDaysView.swift; sourceTree = "<group>"; };
		A8D972862BD6833400C0E166 /* ViewExtension.swift */ = {isa = PBXFileReference; lastKnownFileType = sourcecode.swift; path = ViewExtension.swift; sourceTree = "<group>"; };
		A8D972A82BD6AC6C00C0E166 /* VariablePayRate.swift */ = {isa = PBXFileReference; lastKnownFileType = sourcecode.swift; path = VariablePayRate.swift; sourceTree = "<group>"; };
/* End PBXFileReference section */

/* Begin PBXFrameworksBuildPhase section */
		A880F9322BC923C100FD0DE5 /* Frameworks */ = {
			isa = PBXFrameworksBuildPhase;
			buildActionMask = 2147483647;
			files = (
				A880F9972BCE875600FD0DE5 /* SwipeActions in Frameworks */,
			);
			runOnlyForDeploymentPostprocessing = 0;
		};
/* End PBXFrameworksBuildPhase section */

/* Begin PBXGroup section */
		A880F92C2BC923C100FD0DE5 = {
			isa = PBXGroup;
			children = (
				A880F9372BC923C100FD0DE5 /* Rohlikulacka2 */,
				A880F9362BC923C100FD0DE5 /* Products */,
			);
			sourceTree = "<group>";
		};
		A880F9362BC923C100FD0DE5 /* Products */ = {
			isa = PBXGroup;
			children = (
				A880F9352BC923C100FD0DE5 /* Rohlikulacka2.app */,
			);
			name = Products;
			sourceTree = "<group>";
		};
		A880F9372BC923C100FD0DE5 /* Rohlikulacka2 */ = {
			isa = PBXGroup;
			children = (
				A880F9462BC9246500FD0DE5 /* App */,
				A880F9472BC9246900FD0DE5 /* Core */,
				A880F9482BC9246D00FD0DE5 /* Extensions */,
				A880F9512BC9326D00FD0DE5 /* Models */,
				A880F9492BC9247000FD0DE5 /* Utils */,
				A880F93C2BC923C400FD0DE5 /* Assets.xcassets */,
				A880F93E2BC923C400FD0DE5 /* Preview Content */,
			);
			path = Rohlikulacka2;
			sourceTree = "<group>";
		};
		A880F93E2BC923C400FD0DE5 /* Preview Content */ = {
			isa = PBXGroup;
			children = (
				A880F93F2BC923C400FD0DE5 /* Preview Assets.xcassets */,
			);
			path = "Preview Content";
			sourceTree = "<group>";
		};
		A880F9462BC9246500FD0DE5 /* App */ = {
			isa = PBXGroup;
			children = (
				A880F9382BC923C100FD0DE5 /* Rohlikulacka2App.swift */,
			);
			path = App;
			sourceTree = "<group>";
		};
		A880F9472BC9246900FD0DE5 /* Core */ = {
			isa = PBXGroup;
			children = (
				A880F9722BCD313100FD0DE5 /* Components */,
				A880F9702BCD302600FD0DE5 /* Day */,
				A880F9642BC987B100FD0DE5 /* Invoice */,
				A880F94D2BC9249800FD0DE5 /* Home */,
				A880F94A2BC9248000FD0DE5 /* Root */,
				A880F9A82BCE984D00FD0DE5 /* Route */,
				A880F9682BC98C3000FD0DE5 /* RouteCreation */,
				A880F95E2BC96D7400FD0DE5 /* SideMenu */,
			);
			path = Core;
			sourceTree = "<group>";
		};
		A880F9482BC9246D00FD0DE5 /* Extensions */ = {
			isa = PBXGroup;
			children = (
				A8D972862BD6833400C0E166 /* ViewExtension.swift */,
				A880F9762BCD346000FD0DE5 /* SystemImages.swift */,
			);
			path = Extensions;
			sourceTree = "<group>";
		};
		A880F9492BC9247000FD0DE5 /* Utils */ = {
			isa = PBXGroup;
			children = (
				A880F9542BC9331B00FD0DE5 /* MockData */,
			);
			path = Utils;
			sourceTree = "<group>";
		};
		A880F94A2BC9248000FD0DE5 /* Root */ = {
			isa = PBXGroup;
			children = (
				A880F93A2BC923C100FD0DE5 /* ContentView.swift */,
			);
			name = Root;
			sourceTree = "<group>";
		};
		A880F94D2BC9249800FD0DE5 /* Home */ = {
			isa = PBXGroup;
			children = (
				A880F94E2BC924A200FD0DE5 /* Views */,
			);
			path = Home;
			sourceTree = "<group>";
		};
		A880F94E2BC924A200FD0DE5 /* Views */ = {
			isa = PBXGroup;
			children = (
				A880F94F2BC924C500FD0DE5 /* HomeView.swift */,
			);
			path = Views;
			sourceTree = "<group>";
		};
		A880F9512BC9326D00FD0DE5 /* Models */ = {
			isa = PBXGroup;
			children = (
				A880F9522BC9327D00FD0DE5 /* Route.swift */,
				A880F9592BC9386E00FD0DE5 /* Day.swift */,
				A880F9622BC97BC900FD0DE5 /* Month.swift */,
				A8D972A82BD6AC6C00C0E166 /* VariablePayRate.swift */,
			);
			path = Models;
			sourceTree = "<group>";
		};
		A880F9542BC9331B00FD0DE5 /* MockData */ = {
			isa = PBXGroup;
			children = (
				A880F9552BC9332A00FD0DE5 /* MockData.swift */,
			);
			path = MockData;
			sourceTree = "<group>";
		};
		A880F95E2BC96D7400FD0DE5 /* SideMenu */ = {
			isa = PBXGroup;
			children = (
				A880F95F2BC96D8300FD0DE5 /* View */,
			);
			path = SideMenu;
			sourceTree = "<group>";
		};
		A880F95F2BC96D8300FD0DE5 /* View */ = {
			isa = PBXGroup;
			children = (
				A880F9602BC96DA700FD0DE5 /* SideMenuView.swift */,
			);
			path = View;
			sourceTree = "<group>";
		};
		A880F9642BC987B100FD0DE5 /* Invoice */ = {
			isa = PBXGroup;
			children = (
				A880F9652BC987BD00FD0DE5 /* Views */,
			);
			path = Invoice;
			sourceTree = "<group>";
		};
		A880F9652BC987BD00FD0DE5 /* Views */ = {
			isa = PBXGroup;
			children = (
				A880F9572BC9345100FD0DE5 /* InvoiceInfoRectView.swift */,
				A880F9662BC987DD00FD0DE5 /* InvoiceDetailView.swift */,
			);
			path = Views;
			sourceTree = "<group>";
		};
		A880F9682BC98C3000FD0DE5 /* RouteCreation */ = {
			isa = PBXGroup;
			children = (
				A880F9692BC98C5200FD0DE5 /* Views */,
			);
			path = RouteCreation;
			sourceTree = "<group>";
		};
		A880F9692BC98C5200FD0DE5 /* Views */ = {
			isa = PBXGroup;
			children = (
				A880F96A2BC98C6400FD0DE5 /* RouteCreationView.swift */,
				A880F96C2BC9C1B600FD0DE5 /* RouteCreationCellView.swift */,
			);
			path = Views;
			sourceTree = "<group>";
		};
		A880F9702BCD302600FD0DE5 /* Day */ = {
			isa = PBXGroup;
			children = (
				A880F9712BCD30A300FD0DE5 /* Views */,
			);
			path = Day;
			sourceTree = "<group>";
		};
		A880F9712BCD30A300FD0DE5 /* Views */ = {
			isa = PBXGroup;
			children = (
				A880F95C2BC9500600FD0DE5 /* DayView.swift */,
				A880F96E2BCD2FD200FD0DE5 /* DayDetailView.swift */,
				A8D9727F2BD65FAF00C0E166 /* ListDaysView.swift */,
			);
			path = Views;
			sourceTree = "<group>";
		};
		A880F9722BCD313100FD0DE5 /* Components */ = {
			isa = PBXGroup;
			children = (
				A880F9732BCD314100FD0DE5 /* BackButtonView.swift */,
			);
			path = Components;
			sourceTree = "<group>";
		};
		A880F9A82BCE984D00FD0DE5 /* Route */ = {
			isa = PBXGroup;
			children = (
				A880F9A92BCE985900FD0DE5 /* View */,
			);
			path = Route;
			sourceTree = "<group>";
		};
		A880F9A92BCE985900FD0DE5 /* View */ = {
			isa = PBXGroup;
			children = (
				A880F9AA2BCE986100FD0DE5 /* RouteView.swift */,
				A8A6B3482BCEE619006A6340 /* RouteCellView.swift */,
			);
			path = View;
			sourceTree = "<group>";
		};
/* End PBXGroup section */

/* Begin PBXNativeTarget section */
		A880F9342BC923C100FD0DE5 /* Rohlikulacka2 */ = {
			isa = PBXNativeTarget;
			buildConfigurationList = A880F9432BC923C400FD0DE5 /* Build configuration list for PBXNativeTarget "Rohlikulacka2" */;
			buildPhases = (
				A880F9312BC923C100FD0DE5 /* Sources */,
				A880F9322BC923C100FD0DE5 /* Frameworks */,
				A880F9332BC923C100FD0DE5 /* Resources */,
			);
			buildRules = (
			);
			dependencies = (
			);
			name = Rohlikulacka2;
			packageProductDependencies = (
				A880F9962BCE875600FD0DE5 /* SwipeActions */,
			);
			productName = Rohlikulacka2;
			productReference = A880F9352BC923C100FD0DE5 /* Rohlikulacka2.app */;
			productType = "com.apple.product-type.application";
		};
/* End PBXNativeTarget section */

/* Begin PBXProject section */
		A880F92D2BC923C100FD0DE5 /* Project object */ = {
			isa = PBXProject;
			attributes = {
				BuildIndependentTargetsInParallel = 1;
				LastSwiftUpdateCheck = 1530;
				LastUpgradeCheck = 1530;
				TargetAttributes = {
					A880F9342BC923C100FD0DE5 = {
						CreatedOnToolsVersion = 15.3;
					};
				};
			};
			buildConfigurationList = A880F9302BC923C100FD0DE5 /* Build configuration list for PBXProject "Rohlikulacka2" */;
			compatibilityVersion = "Xcode 14.0";
			developmentRegion = en;
			hasScannedForEncodings = 0;
			knownRegions = (
				en,
				Base,
			);
			mainGroup = A880F92C2BC923C100FD0DE5;
			packageReferences = (
				A880F9952BCE875600FD0DE5 /* XCRemoteSwiftPackageReference "SwipeActions" */,
			);
			productRefGroup = A880F9362BC923C100FD0DE5 /* Products */;
			projectDirPath = "";
			projectRoot = "";
			targets = (
				A880F9342BC923C100FD0DE5 /* Rohlikulacka2 */,
			);
		};
/* End PBXProject section */

/* Begin PBXResourcesBuildPhase section */
		A880F9332BC923C100FD0DE5 /* Resources */ = {
			isa = PBXResourcesBuildPhase;
			buildActionMask = 2147483647;
			files = (
				A880F9402BC923C400FD0DE5 /* Preview Assets.xcassets in Resources */,
				A880F93D2BC923C400FD0DE5 /* Assets.xcassets in Resources */,
			);
			runOnlyForDeploymentPostprocessing = 0;
		};
/* End PBXResourcesBuildPhase section */

/* Begin PBXSourcesBuildPhase section */
		A880F9312BC923C100FD0DE5 /* Sources */ = {
			isa = PBXSourcesBuildPhase;
			buildActionMask = 2147483647;
			files = (
				A880F95A2BC9386E00FD0DE5 /* Day.swift in Sources */,
				A880F9AB2BCE986100FD0DE5 /* RouteView.swift in Sources */,
				A880F96B2BC98C6400FD0DE5 /* RouteCreationView.swift in Sources */,
				A880F9672BC987DD00FD0DE5 /* InvoiceDetailView.swift in Sources */,
				A8A6B3492BCEE619006A6340 /* RouteCellView.swift in Sources */,
				A880F95D2BC9500600FD0DE5 /* DayView.swift in Sources */,
				A880F9562BC9332A00FD0DE5 /* MockData.swift in Sources */,
				A880F9502BC924C500FD0DE5 /* HomeView.swift in Sources */,
				A880F96F2BCD2FD200FD0DE5 /* DayDetailView.swift in Sources */,
				A880F9532BC9327D00FD0DE5 /* Route.swift in Sources */,
				A880F9772BCD346100FD0DE5 /* SystemImages.swift in Sources */,
				A880F93B2BC923C100FD0DE5 /* ContentView.swift in Sources */,
				A880F9612BC96DA700FD0DE5 /* SideMenuView.swift in Sources */,
				A880F9582BC9345100FD0DE5 /* InvoiceInfoRectView.swift in Sources */,
				A8D972872BD6833400C0E166 /* ViewExtension.swift in Sources */,
				A880F9742BCD314100FD0DE5 /* BackButtonView.swift in Sources */,
				A880F9632BC97BC900FD0DE5 /* Month.swift in Sources */,
				A880F96D2BC9C1B600FD0DE5 /* RouteCreationCellView.swift in Sources */,
				A8D972802BD65FB000C0E166 /* ListDaysView.swift in Sources */,
				A8D972A92BD6AC6C00C0E166 /* VariablePayRate.swift in Sources */,
				A880F9392BC923C100FD0DE5 /* Rohlikulacka2App.swift in Sources */,
			);
			runOnlyForDeploymentPostprocessing = 0;
		};
/* End PBXSourcesBuildPhase section */

/* Begin XCBuildConfiguration section */
		A880F9412BC923C400FD0DE5 /* Debug */ = {
			isa = XCBuildConfiguration;
			buildSettings = {
				ALWAYS_SEARCH_USER_PATHS = NO;
				ASSETCATALOG_COMPILER_GENERATE_SWIFT_ASSET_SYMBOL_EXTENSIONS = YES;
				CLANG_ANALYZER_NONNULL = YES;
				CLANG_ANALYZER_NUMBER_OBJECT_CONVERSION = YES_AGGRESSIVE;
				CLANG_CXX_LANGUAGE_STANDARD = "gnu++20";
				CLANG_ENABLE_MODULES = YES;
				CLANG_ENABLE_OBJC_ARC = YES;
				CLANG_ENABLE_OBJC_WEAK = YES;
				CLANG_WARN_BLOCK_CAPTURE_AUTORELEASING = YES;
				CLANG_WARN_BOOL_CONVERSION = YES;
				CLANG_WARN_COMMA = YES;
				CLANG_WARN_CONSTANT_CONVERSION = YES;
				CLANG_WARN_DEPRECATED_OBJC_IMPLEMENTATIONS = YES;
				CLANG_WARN_DIRECT_OBJC_ISA_USAGE = YES_ERROR;
				CLANG_WARN_DOCUMENTATION_COMMENTS = YES;
				CLANG_WARN_EMPTY_BODY = YES;
				CLANG_WARN_ENUM_CONVERSION = YES;
				CLANG_WARN_INFINITE_RECURSION = YES;
				CLANG_WARN_INT_CONVERSION = YES;
				CLANG_WARN_NON_LITERAL_NULL_CONVERSION = YES;
				CLANG_WARN_OBJC_IMPLICIT_RETAIN_SELF = YES;
				CLANG_WARN_OBJC_LITERAL_CONVERSION = YES;
				CLANG_WARN_OBJC_ROOT_CLASS = YES_ERROR;
				CLANG_WARN_QUOTED_INCLUDE_IN_FRAMEWORK_HEADER = YES;
				CLANG_WARN_RANGE_LOOP_ANALYSIS = YES;
				CLANG_WARN_STRICT_PROTOTYPES = YES;
				CLANG_WARN_SUSPICIOUS_MOVE = YES;
				CLANG_WARN_UNGUARDED_AVAILABILITY = YES_AGGRESSIVE;
				CLANG_WARN_UNREACHABLE_CODE = YES;
				CLANG_WARN__DUPLICATE_METHOD_MATCH = YES;
				COPY_PHASE_STRIP = NO;
				DEBUG_INFORMATION_FORMAT = dwarf;
				ENABLE_STRICT_OBJC_MSGSEND = YES;
				ENABLE_TESTABILITY = YES;
				ENABLE_USER_SCRIPT_SANDBOXING = YES;
				GCC_C_LANGUAGE_STANDARD = gnu17;
				GCC_DYNAMIC_NO_PIC = NO;
				GCC_NO_COMMON_BLOCKS = YES;
				GCC_OPTIMIZATION_LEVEL = 0;
				GCC_PREPROCESSOR_DEFINITIONS = (
					"DEBUG=1",
					"$(inherited)",
				);
				GCC_WARN_64_TO_32_BIT_CONVERSION = YES;
				GCC_WARN_ABOUT_RETURN_TYPE = YES_ERROR;
				GCC_WARN_UNDECLARED_SELECTOR = YES;
				GCC_WARN_UNINITIALIZED_AUTOS = YES_AGGRESSIVE;
				GCC_WARN_UNUSED_FUNCTION = YES;
				GCC_WARN_UNUSED_VARIABLE = YES;
				IPHONEOS_DEPLOYMENT_TARGET = 17.4;
				LOCALIZATION_PREFERS_STRING_CATALOGS = YES;
				MTL_ENABLE_DEBUG_INFO = INCLUDE_SOURCE;
				MTL_FAST_MATH = YES;
				ONLY_ACTIVE_ARCH = YES;
				SDKROOT = iphoneos;
				SWIFT_ACTIVE_COMPILATION_CONDITIONS = "DEBUG $(inherited)";
				SWIFT_OPTIMIZATION_LEVEL = "-Onone";
			};
			name = Debug;
		};
		A880F9422BC923C400FD0DE5 /* Release */ = {
			isa = XCBuildConfiguration;
			buildSettings = {
				ALWAYS_SEARCH_USER_PATHS = NO;
				ASSETCATALOG_COMPILER_GENERATE_SWIFT_ASSET_SYMBOL_EXTENSIONS = YES;
				CLANG_ANALYZER_NONNULL = YES;
				CLANG_ANALYZER_NUMBER_OBJECT_CONVERSION = YES_AGGRESSIVE;
				CLANG_CXX_LANGUAGE_STANDARD = "gnu++20";
				CLANG_ENABLE_MODULES = YES;
				CLANG_ENABLE_OBJC_ARC = YES;
				CLANG_ENABLE_OBJC_WEAK = YES;
				CLANG_WARN_BLOCK_CAPTURE_AUTORELEASING = YES;
				CLANG_WARN_BOOL_CONVERSION = YES;
				CLANG_WARN_COMMA = YES;
				CLANG_WARN_CONSTANT_CONVERSION = YES;
				CLANG_WARN_DEPRECATED_OBJC_IMPLEMENTATIONS = YES;
				CLANG_WARN_DIRECT_OBJC_ISA_USAGE = YES_ERROR;
				CLANG_WARN_DOCUMENTATION_COMMENTS = YES;
				CLANG_WARN_EMPTY_BODY = YES;
				CLANG_WARN_ENUM_CONVERSION = YES;
				CLANG_WARN_INFINITE_RECURSION = YES;
				CLANG_WARN_INT_CONVERSION = YES;
				CLANG_WARN_NON_LITERAL_NULL_CONVERSION = YES;
				CLANG_WARN_OBJC_IMPLICIT_RETAIN_SELF = YES;
				CLANG_WARN_OBJC_LITERAL_CONVERSION = YES;
				CLANG_WARN_OBJC_ROOT_CLASS = YES_ERROR;
				CLANG_WARN_QUOTED_INCLUDE_IN_FRAMEWORK_HEADER = YES;
				CLANG_WARN_RANGE_LOOP_ANALYSIS = YES;
				CLANG_WARN_STRICT_PROTOTYPES = YES;
				CLANG_WARN_SUSPICIOUS_MOVE = YES;
				CLANG_WARN_UNGUARDED_AVAILABILITY = YES_AGGRESSIVE;
				CLANG_WARN_UNREACHABLE_CODE = YES;
				CLANG_WARN__DUPLICATE_METHOD_MATCH = YES;
				COPY_PHASE_STRIP = NO;
				DEBUG_INFORMATION_FORMAT = "dwarf-with-dsym";
				ENABLE_NS_ASSERTIONS = NO;
				ENABLE_STRICT_OBJC_MSGSEND = YES;
				ENABLE_USER_SCRIPT_SANDBOXING = YES;
				GCC_C_LANGUAGE_STANDARD = gnu17;
				GCC_NO_COMMON_BLOCKS = YES;
				GCC_WARN_64_TO_32_BIT_CONVERSION = YES;
				GCC_WARN_ABOUT_RETURN_TYPE = YES_ERROR;
				GCC_WARN_UNDECLARED_SELECTOR = YES;
				GCC_WARN_UNINITIALIZED_AUTOS = YES_AGGRESSIVE;
				GCC_WARN_UNUSED_FUNCTION = YES;
				GCC_WARN_UNUSED_VARIABLE = YES;
				IPHONEOS_DEPLOYMENT_TARGET = 17.4;
				LOCALIZATION_PREFERS_STRING_CATALOGS = YES;
				MTL_ENABLE_DEBUG_INFO = NO;
				MTL_FAST_MATH = YES;
				SDKROOT = iphoneos;
				SWIFT_COMPILATION_MODE = wholemodule;
				VALIDATE_PRODUCT = YES;
			};
			name = Release;
		};
		A880F9442BC923C400FD0DE5 /* Debug */ = {
			isa = XCBuildConfiguration;
			buildSettings = {
				ASSETCATALOG_COMPILER_APPICON_NAME = AppIcon;
				ASSETCATALOG_COMPILER_GLOBAL_ACCENT_COLOR_NAME = AccentColor;
				CODE_SIGN_STYLE = Automatic;
				CURRENT_PROJECT_VERSION = 1;
				DEVELOPMENT_ASSET_PATHS = "\"Rohlikulacka2/Preview Content\"";
				DEVELOPMENT_TEAM = 6A744UV7PU;
				ENABLE_PREVIEWS = YES;
				GENERATE_INFOPLIST_FILE = YES;
				INFOPLIST_KEY_CFBundleDisplayName = "Rohlíkulačka II";
				INFOPLIST_KEY_LSApplicationCategoryType = "public.app-category.finance";
				INFOPLIST_KEY_UIApplicationSceneManifest_Generation = YES;
				INFOPLIST_KEY_UIApplicationSupportsIndirectInputEvents = YES;
				INFOPLIST_KEY_UILaunchScreen_Generation = YES;
				INFOPLIST_KEY_UISupportedInterfaceOrientations = UIInterfaceOrientationPortrait;
				INFOPLIST_KEY_UISupportedInterfaceOrientations_iPad = "UIInterfaceOrientationLandscapeLeft UIInterfaceOrientationLandscapeRight UIInterfaceOrientationPortrait UIInterfaceOrientationPortraitUpsideDown";
				IPHONEOS_DEPLOYMENT_TARGET = 16.0;
				LD_RUNPATH_SEARCH_PATHS = (
					"$(inherited)",
					"@executable_path/Frameworks",
				);
				MARKETING_VERSION = 1.0;
				PRODUCT_BUNDLE_IDENTIFIER = com.tomasduchoslav.Rohlikulacka2;
				PRODUCT_NAME = "$(TARGET_NAME)";
				SUPPORTED_PLATFORMS = "iphoneos iphonesimulator";
				SUPPORTS_MACCATALYST = NO;
				SUPPORTS_MAC_DESIGNED_FOR_IPHONE_IPAD = NO;
				SUPPORTS_XR_DESIGNED_FOR_IPHONE_IPAD = NO;
				SWIFT_EMIT_LOC_STRINGS = YES;
				SWIFT_VERSION = 5.0;
				TARGETED_DEVICE_FAMILY = 1;
			};
			name = Debug;
		};
		A880F9452BC923C400FD0DE5 /* Release */ = {
			isa = XCBuildConfiguration;
			buildSettings = {
				ASSETCATALOG_COMPILER_APPICON_NAME = AppIcon;
				ASSETCATALOG_COMPILER_GLOBAL_ACCENT_COLOR_NAME = AccentColor;
				CODE_SIGN_STYLE = Automatic;
				CURRENT_PROJECT_VERSION = 1;
				DEVELOPMENT_ASSET_PATHS = "\"Rohlikulacka2/Preview Content\"";
				DEVELOPMENT_TEAM = 6A744UV7PU;
				ENABLE_PREVIEWS = YES;
				GENERATE_INFOPLIST_FILE = YES;
				INFOPLIST_KEY_CFBundleDisplayName = "Rohlíkulačka II";
				INFOPLIST_KEY_LSApplicationCategoryType = "public.app-category.finance";
				INFOPLIST_KEY_UIApplicationSceneManifest_Generation = YES;
				INFOPLIST_KEY_UIApplicationSupportsIndirectInputEvents = YES;
				INFOPLIST_KEY_UILaunchScreen_Generation = YES;
				INFOPLIST_KEY_UISupportedInterfaceOrientations = UIInterfaceOrientationPortrait;
				INFOPLIST_KEY_UISupportedInterfaceOrientations_iPad = "UIInterfaceOrientationLandscapeLeft UIInterfaceOrientationLandscapeRight UIInterfaceOrientationPortrait UIInterfaceOrientationPortraitUpsideDown";
				IPHONEOS_DEPLOYMENT_TARGET = 16.0;
				LD_RUNPATH_SEARCH_PATHS = (
					"$(inherited)",
					"@executable_path/Frameworks",
				);
				MARKETING_VERSION = 1.0;
				PRODUCT_BUNDLE_IDENTIFIER = com.tomasduchoslav.Rohlikulacka2;
				PRODUCT_NAME = "$(TARGET_NAME)";
				SUPPORTED_PLATFORMS = "iphoneos iphonesimulator";
				SUPPORTS_MACCATALYST = NO;
				SUPPORTS_MAC_DESIGNED_FOR_IPHONE_IPAD = NO;
				SUPPORTS_XR_DESIGNED_FOR_IPHONE_IPAD = NO;
				SWIFT_EMIT_LOC_STRINGS = YES;
				SWIFT_VERSION = 5.0;
				TARGETED_DEVICE_FAMILY = 1;
			};
			name = Release;
		};
/* End XCBuildConfiguration section */

/* Begin XCConfigurationList section */
		A880F9302BC923C100FD0DE5 /* Build configuration list for PBXProject "Rohlikulacka2" */ = {
			isa = XCConfigurationList;
			buildConfigurations = (
				A880F9412BC923C400FD0DE5 /* Debug */,
				A880F9422BC923C400FD0DE5 /* Release */,
			);
			defaultConfigurationIsVisible = 0;
			defaultConfigurationName = Release;
		};
		A880F9432BC923C400FD0DE5 /* Build configuration list for PBXNativeTarget "Rohlikulacka2" */ = {
			isa = XCConfigurationList;
			buildConfigurations = (
				A880F9442BC923C400FD0DE5 /* Debug */,
				A880F9452BC923C400FD0DE5 /* Release */,
			);
			defaultConfigurationIsVisible = 0;
			defaultConfigurationName = Release;
		};
/* End XCConfigurationList section */

/* Begin XCRemoteSwiftPackageReference section */
		A880F9952BCE875600FD0DE5 /* XCRemoteSwiftPackageReference "SwipeActions" */ = {
			isa = XCRemoteSwiftPackageReference;
			repositoryURL = "https://github.com/aheze/SwipeActions";
			requirement = {
				kind = upToNextMajorVersion;
				minimumVersion = 1.1.0;
			};
		};
/* End XCRemoteSwiftPackageReference section */

/* Begin XCSwiftPackageProductDependency section */
		A880F9962BCE875600FD0DE5 /* SwipeActions */ = {
			isa = XCSwiftPackageProductDependency;
			package = A880F9952BCE875600FD0DE5 /* XCRemoteSwiftPackageReference "SwipeActions" */;
			productName = SwipeActions;
		};
/* End XCSwiftPackageProductDependency section */
	};
	rootObject = A880F92D2BC923C100FD0DE5 /* Project object */;
}
